// !$*UTF8*$!
{
	archiveVersion = 1;
	classes = {
	};
	objectVersion = 77;
	objects = {

/* Begin PBXBuildFile section */
		12D27AA32D606635007FD9CE /* AlertToast in Frameworks */ = {isa = PBXBuildFile; productRef = 12D27AA22D606635007FD9CE /* AlertToast */; };
/* End PBXBuildFile section */

/* Begin PBXContainerItemProxy section */
		12D27A1C2D5FA0D0007FD9CE /* PBXContainerItemProxy */ = {
			isa = PBXContainerItemProxy;
			containerPortal = 12D27A002D5FA0CF007FD9CE /* Project object */;
			proxyType = 1;
			remoteGlobalIDString = 12D27A072D5FA0CF007FD9CE;
			remoteInfo = KeyMetrics;
		};
		12D27A262D5FA0D0007FD9CE /* PBXContainerItemProxy */ = {
			isa = PBXContainerItemProxy;
			containerPortal = 12D27A002D5FA0CF007FD9CE /* Project object */;
			proxyType = 1;
			remoteGlobalIDString = 12D27A072D5FA0CF007FD9CE;
			remoteInfo = KeyMetrics;
		};
/* End PBXContainerItemProxy section */

/* Begin PBXFileReference section */
		12D27A082D5FA0CF007FD9CE /* KeyMetrics.app */ = {isa = PBXFileReference; explicitFileType = wrapper.application; includeInIndex = 0; path = KeyMetrics.app; sourceTree = BUILT_PRODUCTS_DIR; };
		12D27A1B2D5FA0D0007FD9CE /* KeyMetricsTests.xctest */ = {isa = PBXFileReference; explicitFileType = wrapper.cfbundle; includeInIndex = 0; path = KeyMetricsTests.xctest; sourceTree = BUILT_PRODUCTS_DIR; };
		12D27A252D5FA0D0007FD9CE /* KeyMetricsUITests.xctest */ = {isa = PBXFileReference; explicitFileType = wrapper.cfbundle; includeInIndex = 0; path = KeyMetricsUITests.xctest; sourceTree = BUILT_PRODUCTS_DIR; };
/* End PBXFileReference section */

/* Begin PBXFileSystemSynchronizedRootGroup section */
		12D27A0A2D5FA0CF007FD9CE /* KeyMetrics */ = {
			isa = PBXFileSystemSynchronizedRootGroup;
			path = KeyMetrics;
			sourceTree = "<group>";
		};
		12D27A1E2D5FA0D0007FD9CE /* KeyMetricsTests */ = {
			isa = PBXFileSystemSynchronizedRootGroup;
			path = KeyMetricsTests;
			sourceTree = "<group>";
		};
		12D27A282D5FA0D0007FD9CE /* KeyMetricsUITests */ = {
			isa = PBXFileSystemSynchronizedRootGroup;
			path = KeyMetricsUITests;
			sourceTree = "<group>";
		};
/* End PBXFileSystemSynchronizedRootGroup section */

/* Begin PBXFrameworksBuildPhase section */
		12D27A052D5FA0CF007FD9CE /* Frameworks */ = {
			isa = PBXFrameworksBuildPhase;
			buildActionMask = 2147483647;
			files = (
				12D27AA32D606635007FD9CE /* AlertToast in Frameworks */,
			);
			runOnlyForDeploymentPostprocessing = 0;
		};
		12D27A182D5FA0D0007FD9CE /* Frameworks */ = {
			isa = PBXFrameworksBuildPhase;
			buildActionMask = 2147483647;
			files = (
			);
			runOnlyForDeploymentPostprocessing = 0;
		};
		12D27A222D5FA0D0007FD9CE /* Frameworks */ = {
			isa = PBXFrameworksBuildPhase;
			buildActionMask = 2147483647;
			files = (
			);
			runOnlyForDeploymentPostprocessing = 0;
		};
/* End PBXFrameworksBuildPhase section */

/* Begin PBXGroup section */
		12D279FF2D5FA0CF007FD9CE = {
			isa = PBXGroup;
			children = (
				12D27A0A2D5FA0CF007FD9CE /* KeyMetrics */,
				12D27A1E2D5FA0D0007FD9CE /* KeyMetricsTests */,
				12D27A282D5FA0D0007FD9CE /* KeyMetricsUITests */,
				12D27AA12D606635007FD9CE /* Frameworks */,
				12D27A092D5FA0CF007FD9CE /* Products */,
			);
			sourceTree = "<group>";
		};
		12D27A092D5FA0CF007FD9CE /* Products */ = {
			isa = PBXGroup;
			children = (
				12D27A082D5FA0CF007FD9CE /* KeyMetrics.app */,
				12D27A1B2D5FA0D0007FD9CE /* KeyMetricsTests.xctest */,
				12D27A252D5FA0D0007FD9CE /* KeyMetricsUITests.xctest */,
			);
			name = Products;
			sourceTree = "<group>";
		};
		12D27AA12D606635007FD9CE /* Frameworks */ = {
			isa = PBXGroup;
			children = (
			);
			name = Frameworks;
			sourceTree = "<group>";
		};
/* End PBXGroup section */

/* Begin PBXNativeTarget section */
		12D27A072D5FA0CF007FD9CE /* KeyMetrics */ = {
			isa = PBXNativeTarget;
			buildConfigurationList = 12D27A2F2D5FA0D0007FD9CE /* Build configuration list for PBXNativeTarget "KeyMetrics" */;
			buildPhases = (
				12D27A042D5FA0CF007FD9CE /* Sources */,
				12D27A052D5FA0CF007FD9CE /* Frameworks */,
				12D27A062D5FA0CF007FD9CE /* Resources */,
			);
			buildRules = (
			);
			dependencies = (
			);
			fileSystemSynchronizedGroups = (
				12D27A0A2D5FA0CF007FD9CE /* KeyMetrics */,
			);
			name = KeyMetrics;
			packageProductDependencies = (
				12D27AA22D606635007FD9CE /* AlertToast */,
			);
			productName = KeyMetrics;
			productReference = 12D27A082D5FA0CF007FD9CE /* KeyMetrics.app */;
			productType = "com.apple.product-type.application";
		};
		12D27A1A2D5FA0D0007FD9CE /* KeyMetricsTests */ = {
			isa = PBXNativeTarget;
			buildConfigurationList = 12D27A322D5FA0D0007FD9CE /* Build configuration list for PBXNativeTarget "KeyMetricsTests" */;
			buildPhases = (
				12D27A172D5FA0D0007FD9CE /* Sources */,
				12D27A182D5FA0D0007FD9CE /* Frameworks */,
				12D27A192D5FA0D0007FD9CE /* Resources */,
			);
			buildRules = (
			);
			dependencies = (
				12D27A1D2D5FA0D0007FD9CE /* PBXTargetDependency */,
			);
			fileSystemSynchronizedGroups = (
				12D27A1E2D5FA0D0007FD9CE /* KeyMetricsTests */,
			);
			name = KeyMetricsTests;
			packageProductDependencies = (
			);
			productName = KeyMetricsTests;
			productReference = 12D27A1B2D5FA0D0007FD9CE /* KeyMetricsTests.xctest */;
			productType = "com.apple.product-type.bundle.unit-test";
		};
		12D27A242D5FA0D0007FD9CE /* KeyMetricsUITests */ = {
			isa = PBXNativeTarget;
			buildConfigurationList = 12D27A352D5FA0D0007FD9CE /* Build configuration list for PBXNativeTarget "KeyMetricsUITests" */;
			buildPhases = (
				12D27A212D5FA0D0007FD9CE /* Sources */,
				12D27A222D5FA0D0007FD9CE /* Frameworks */,
				12D27A232D5FA0D0007FD9CE /* Resources */,
			);
			buildRules = (
			);
			dependencies = (
				12D27A272D5FA0D0007FD9CE /* PBXTargetDependency */,
			);
			fileSystemSynchronizedGroups = (
				12D27A282D5FA0D0007FD9CE /* KeyMetricsUITests */,
			);
			name = KeyMetricsUITests;
			packageProductDependencies = (
			);
			productName = KeyMetricsUITests;
			productReference = 12D27A252D5FA0D0007FD9CE /* KeyMetricsUITests.xctest */;
			productType = "com.apple.product-type.bundle.ui-testing";
		};
/* End PBXNativeTarget section */

/* Begin PBXProject section */
		12D27A002D5FA0CF007FD9CE /* Project object */ = {
			isa = PBXProject;
			attributes = {
				BuildIndependentTargetsInParallel = 1;
				LastSwiftUpdateCheck = 1610;
				LastUpgradeCheck = 1610;
				TargetAttributes = {
					12D27A072D5FA0CF007FD9CE = {
						CreatedOnToolsVersion = 16.1;
					};
					12D27A1A2D5FA0D0007FD9CE = {
						CreatedOnToolsVersion = 16.1;
						TestTargetID = 12D27A072D5FA0CF007FD9CE;
					};
					12D27A242D5FA0D0007FD9CE = {
						CreatedOnToolsVersion = 16.1;
						TestTargetID = 12D27A072D5FA0CF007FD9CE;
					};
				};
			};
			buildConfigurationList = 12D27A032D5FA0CF007FD9CE /* Build configuration list for PBXProject "KeyMetrics" */;
			developmentRegion = en;
			hasScannedForEncodings = 0;
			knownRegions = (
				en,
				Base,
			);
			mainGroup = 12D279FF2D5FA0CF007FD9CE;
			minimizedProjectReferenceProxies = 1;
			packageReferences = (
				12D27AA02D6065A5007FD9CE /* XCRemoteSwiftPackageReference "AlertToast" */,
			);
			preferredProjectObjectVersion = 77;
			productRefGroup = 12D27A092D5FA0CF007FD9CE /* Products */;
			projectDirPath = "";
			projectRoot = "";
			targets = (
				12D27A072D5FA0CF007FD9CE /* KeyMetrics */,
				12D27A1A2D5FA0D0007FD9CE /* KeyMetricsTests */,
				12D27A242D5FA0D0007FD9CE /* KeyMetricsUITests */,
			);
		};
/* End PBXProject section */

/* Begin PBXResourcesBuildPhase section */
		12D27A062D5FA0CF007FD9CE /* Resources */ = {
			isa = PBXResourcesBuildPhase;
			buildActionMask = 2147483647;
			files = (
			);
			runOnlyForDeploymentPostprocessing = 0;
		};
		12D27A192D5FA0D0007FD9CE /* Resources */ = {
			isa = PBXResourcesBuildPhase;
			buildActionMask = 2147483647;
			files = (
			);
			runOnlyForDeploymentPostprocessing = 0;
		};
		12D27A232D5FA0D0007FD9CE /* Resources */ = {
			isa = PBXResourcesBuildPhase;
			buildActionMask = 2147483647;
			files = (
			);
			runOnlyForDeploymentPostprocessing = 0;
		};
/* End PBXResourcesBuildPhase section */

/* Begin PBXSourcesBuildPhase section */
		12D27A042D5FA0CF007FD9CE /* Sources */ = {
			isa = PBXSourcesBuildPhase;
			buildActionMask = 2147483647;
			files = (
			);
			runOnlyForDeploymentPostprocessing = 0;
		};
		12D27A172D5FA0D0007FD9CE /* Sources */ = {
			isa = PBXSourcesBuildPhase;
			buildActionMask = 2147483647;
			files = (
			);
			runOnlyForDeploymentPostprocessing = 0;
		};
		12D27A212D5FA0D0007FD9CE /* Sources */ = {
			isa = PBXSourcesBuildPhase;
			buildActionMask = 2147483647;
			files = (
			);
			runOnlyForDeploymentPostprocessing = 0;
		};
/* End PBXSourcesBuildPhase section */

/* Begin PBXTargetDependency section */
		12D27A1D2D5FA0D0007FD9CE /* PBXTargetDependency */ = {
			isa = PBXTargetDependency;
			target = 12D27A072D5FA0CF007FD9CE /* KeyMetrics */;
			targetProxy = 12D27A1C2D5FA0D0007FD9CE /* PBXContainerItemProxy */;
		};
		12D27A272D5FA0D0007FD9CE /* PBXTargetDependency */ = {
			isa = PBXTargetDependency;
			target = 12D27A072D5FA0CF007FD9CE /* KeyMetrics */;
			targetProxy = 12D27A262D5FA0D0007FD9CE /* PBXContainerItemProxy */;
		};
/* End PBXTargetDependency section */

/* Begin XCBuildConfiguration section */
		12D27A2D2D5FA0D0007FD9CE /* Debug */ = {
			isa = XCBuildConfiguration;
			buildSettings = {
				ALWAYS_SEARCH_USER_PATHS = NO;
				ASSETCATALOG_COMPILER_GENERATE_SWIFT_ASSET_SYMBOL_EXTENSIONS = YES;
				CLANG_ANALYZER_NONNULL = YES;
				CLANG_ANALYZER_NUMBER_OBJECT_CONVERSION = YES_AGGRESSIVE;
				CLANG_CXX_LANGUAGE_STANDARD = "gnu++20";
				CLANG_ENABLE_MODULES = YES;
				CLANG_ENABLE_OBJC_ARC = YES;
				CLANG_ENABLE_OBJC_WEAK = YES;
				CLANG_WARN_BLOCK_CAPTURE_AUTORELEASING = YES;
				CLANG_WARN_BOOL_CONVERSION = YES;
				CLANG_WARN_COMMA = YES;
				CLANG_WARN_CONSTANT_CONVERSION = YES;
				CLANG_WARN_DEPRECATED_OBJC_IMPLEMENTATIONS = YES;
				CLANG_WARN_DIRECT_OBJC_ISA_USAGE = YES_ERROR;
				CLANG_WARN_DOCUMENTATION_COMMENTS = YES;
				CLANG_WARN_EMPTY_BODY = YES;
				CLANG_WARN_ENUM_CONVERSION = YES;
				CLANG_WARN_INFINITE_RECURSION = YES;
				CLANG_WARN_INT_CONVERSION = YES;
				CLANG_WARN_NON_LITERAL_NULL_CONVERSION = YES;
				CLANG_WARN_OBJC_IMPLICIT_RETAIN_SELF = YES;
				CLANG_WARN_OBJC_LITERAL_CONVERSION = YES;
				CLANG_WARN_OBJC_ROOT_CLASS = YES_ERROR;
				CLANG_WARN_QUOTED_INCLUDE_IN_FRAMEWORK_HEADER = YES;
				CLANG_WARN_RANGE_LOOP_ANALYSIS = YES;
				CLANG_WARN_STRICT_PROTOTYPES = YES;
				CLANG_WARN_SUSPICIOUS_MOVE = YES;
				CLANG_WARN_UNGUARDED_AVAILABILITY = YES_AGGRESSIVE;
				CLANG_WARN_UNREACHABLE_CODE = YES;
				CLANG_WARN__DUPLICATE_METHOD_MATCH = YES;
				COPY_PHASE_STRIP = NO;
				DEBUG_INFORMATION_FORMAT = dwarf;
				ENABLE_STRICT_OBJC_MSGSEND = YES;
				ENABLE_TESTABILITY = YES;
				ENABLE_USER_SCRIPT_SANDBOXING = YES;
				GCC_C_LANGUAGE_STANDARD = gnu17;
				GCC_DYNAMIC_NO_PIC = NO;
				GCC_NO_COMMON_BLOCKS = YES;
				GCC_OPTIMIZATION_LEVEL = 0;
				GCC_PREPROCESSOR_DEFINITIONS = (
					"DEBUG=1",
					"$(inherited)",
				);
				GCC_WARN_64_TO_32_BIT_CONVERSION = YES;
				GCC_WARN_ABOUT_RETURN_TYPE = YES_ERROR;
				GCC_WARN_UNDECLARED_SELECTOR = YES;
				GCC_WARN_UNINITIALIZED_AUTOS = YES_AGGRESSIVE;
				GCC_WARN_UNUSED_FUNCTION = YES;
				GCC_WARN_UNUSED_VARIABLE = YES;
				LOCALIZATION_PREFERS_STRING_CATALOGS = YES;
				MACOSX_DEPLOYMENT_TARGET = 15.1;
				MTL_ENABLE_DEBUG_INFO = INCLUDE_SOURCE;
				MTL_FAST_MATH = YES;
				ONLY_ACTIVE_ARCH = YES;
				SDKROOT = macosx;
				SWIFT_ACTIVE_COMPILATION_CONDITIONS = "DEBUG $(inherited)";
				SWIFT_OPTIMIZATION_LEVEL = "-Onone";
			};
			name = Debug;
		};
		12D27A2E2D5FA0D0007FD9CE /* Release */ = {
			isa = XCBuildConfiguration;
			buildSettings = {
				ALWAYS_SEARCH_USER_PATHS = NO;
				ASSETCATALOG_COMPILER_GENERATE_SWIFT_ASSET_SYMBOL_EXTENSIONS = YES;
				CLANG_ANALYZER_NONNULL = YES;
				CLANG_ANALYZER_NUMBER_OBJECT_CONVERSION = YES_AGGRESSIVE;
				CLANG_CXX_LANGUAGE_STANDARD = "gnu++20";
				CLANG_ENABLE_MODULES = YES;
				CLANG_ENABLE_OBJC_ARC = YES;
				CLANG_ENABLE_OBJC_WEAK = YES;
				CLANG_WARN_BLOCK_CAPTURE_AUTORELEASING = YES;
				CLANG_WARN_BOOL_CONVERSION = YES;
				CLANG_WARN_COMMA = YES;
				CLANG_WARN_CONSTANT_CONVERSION = YES;
				CLANG_WARN_DEPRECATED_OBJC_IMPLEMENTATIONS = YES;
				CLANG_WARN_DIRECT_OBJC_ISA_USAGE = YES_ERROR;
				CLANG_WARN_DOCUMENTATION_COMMENTS = YES;
				CLANG_WARN_EMPTY_BODY = YES;
				CLANG_WARN_ENUM_CONVERSION = YES;
				CLANG_WARN_INFINITE_RECURSION = YES;
				CLANG_WARN_INT_CONVERSION = YES;
				CLANG_WARN_NON_LITERAL_NULL_CONVERSION = YES;
				CLANG_WARN_OBJC_IMPLICIT_RETAIN_SELF = YES;
				CLANG_WARN_OBJC_LITERAL_CONVERSION = YES;
				CLANG_WARN_OBJC_ROOT_CLASS = YES_ERROR;
				CLANG_WARN_QUOTED_INCLUDE_IN_FRAMEWORK_HEADER = YES;
				CLANG_WARN_RANGE_LOOP_ANALYSIS = YES;
				CLANG_WARN_STRICT_PROTOTYPES = YES;
				CLANG_WARN_SUSPICIOUS_MOVE = YES;
				CLANG_WARN_UNGUARDED_AVAILABILITY = YES_AGGRESSIVE;
				CLANG_WARN_UNREACHABLE_CODE = YES;
				CLANG_WARN__DUPLICATE_METHOD_MATCH = YES;
				COPY_PHASE_STRIP = NO;
				DEBUG_INFORMATION_FORMAT = "dwarf-with-dsym";
				ENABLE_NS_ASSERTIONS = NO;
				ENABLE_STRICT_OBJC_MSGSEND = YES;
				ENABLE_USER_SCRIPT_SANDBOXING = YES;
				GCC_C_LANGUAGE_STANDARD = gnu17;
				GCC_NO_COMMON_BLOCKS = YES;
				GCC_WARN_64_TO_32_BIT_CONVERSION = YES;
				GCC_WARN_ABOUT_RETURN_TYPE = YES_ERROR;
				GCC_WARN_UNDECLARED_SELECTOR = YES;
				GCC_WARN_UNINITIALIZED_AUTOS = YES_AGGRESSIVE;
				GCC_WARN_UNUSED_FUNCTION = YES;
				GCC_WARN_UNUSED_VARIABLE = YES;
				LOCALIZATION_PREFERS_STRING_CATALOGS = YES;
				MACOSX_DEPLOYMENT_TARGET = 15.1;
				MTL_ENABLE_DEBUG_INFO = NO;
				MTL_FAST_MATH = YES;
				SDKROOT = macosx;
				SWIFT_COMPILATION_MODE = wholemodule;
			};
			name = Release;
		};
		12D27A302D5FA0D0007FD9CE /* Debug */ = {
			isa = XCBuildConfiguration;
			buildSettings = {
				ASSETCATALOG_COMPILER_APPICON_NAME = AppIcon;
				ASSETCATALOG_COMPILER_GLOBAL_ACCENT_COLOR_NAME = AccentColor;
				CODE_SIGN_ENTITLEMENTS = KeyMetrics/KeyMetrics.entitlements;
				CODE_SIGN_STYLE = Automatic;
				COMBINE_HIDPI_IMAGES = YES;
				CURRENT_PROJECT_VERSION = 1;
				DEVELOPMENT_ASSET_PATHS = "\"KeyMetrics/Preview Content\"";
				DEVELOPMENT_TEAM = 72P7K7AT2W;
				ENABLE_HARDENED_RUNTIME = YES;
				ENABLE_PREVIEWS = YES;
				GENERATE_INFOPLIST_FILE = YES;
				INFOPLIST_KEY_NSHumanReadableCopyright = "";
				LD_RUNPATH_SEARCH_PATHS = (
					"$(inherited)",
					"@executable_path/../Frameworks",
				);
				MACOSX_DEPLOYMENT_TARGET = 14.0;
				MARKETING_VERSION = 1.0;
				PRODUCT_BUNDLE_IDENTIFIER = com.yuyunfeng.KeyMetrics;
				PRODUCT_NAME = "$(TARGET_NAME)";
				SWIFT_EMIT_LOC_STRINGS = YES;
				SWIFT_VERSION = 5.0;
			};
			name = Debug;
		};
		12D27A312D5FA0D0007FD9CE /* Release */ = {
			isa = XCBuildConfiguration;
			buildSettings = {
				ASSETCATALOG_COMPILER_APPICON_NAME = AppIcon;
				ASSETCATALOG_COMPILER_GLOBAL_ACCENT_COLOR_NAME = AccentColor;
				CODE_SIGN_ENTITLEMENTS = KeyMetrics/KeyMetrics.entitlements;
				CODE_SIGN_STYLE = Automatic;
				COMBINE_HIDPI_IMAGES = YES;
				CURRENT_PROJECT_VERSION = 1;
				DEVELOPMENT_ASSET_PATHS = "\"KeyMetrics/Preview Content\"";
				DEVELOPMENT_TEAM = 72P7K7AT2W;
				ENABLE_HARDENED_RUNTIME = YES;
				ENABLE_PREVIEWS = YES;
				GENERATE_INFOPLIST_FILE = YES;
				INFOPLIST_KEY_NSHumanReadableCopyright = "";
				LD_RUNPATH_SEARCH_PATHS = (
					"$(inherited)",
					"@executable_path/../Frameworks",
				);
				MACOSX_DEPLOYMENT_TARGET = 14.0;
				MARKETING_VERSION = 1.0;
				PRODUCT_BUNDLE_IDENTIFIER = com.yuyunfeng.KeyMetrics;
				PRODUCT_NAME = "$(TARGET_NAME)";
				SWIFT_EMIT_LOC_STRINGS = YES;
				SWIFT_VERSION = 5.0;
			};
			name = Release;
		};
		12D27A332D5FA0D0007FD9CE /* Debug */ = {
			isa = XCBuildConfiguration;
			buildSettings = {
				BUNDLE_LOADER = "$(TEST_HOST)";
				CODE_SIGN_STYLE = Automatic;
				CURRENT_PROJECT_VERSION = 1;
				DEVELOPMENT_TEAM = 72P7K7AT2W;
				GENERATE_INFOPLIST_FILE = YES;
				MACOSX_DEPLOYMENT_TARGET = 14.0;
				MARKETING_VERSION = 1.0;
				PRODUCT_BUNDLE_IDENTIFIER = com.yuyunfeng.KeyMetricsTests;
				PRODUCT_NAME = "$(TARGET_NAME)";
				SWIFT_EMIT_LOC_STRINGS = NO;
				SWIFT_VERSION = 5.0;
				TEST_HOST = "$(BUILT_PRODUCTS_DIR)/KeyMetrics.app/$(BUNDLE_EXECUTABLE_FOLDER_PATH)/KeyMetrics";
			};
			name = Debug;
		};
		12D27A342D5FA0D0007FD9CE /* Release */ = {
			isa = XCBuildConfiguration;
			buildSettings = {
				BUNDLE_LOADER = "$(TEST_HOST)";
				CODE_SIGN_STYLE = Automatic;
				CURRENT_PROJECT_VERSION = 1;
				DEVELOPMENT_TEAM = 72P7K7AT2W;
				GENERATE_INFOPLIST_FILE = YES;
				MACOSX_DEPLOYMENT_TARGET = 14.0;
				MARKETING_VERSION = 1.0;
				PRODUCT_BUNDLE_IDENTIFIER = com.yuyunfeng.KeyMetricsTests;
				PRODUCT_NAME = "$(TARGET_NAME)";
				SWIFT_EMIT_LOC_STRINGS = NO;
				SWIFT_VERSION = 5.0;
				TEST_HOST = "$(BUILT_PRODUCTS_DIR)/KeyMetrics.app/$(BUNDLE_EXECUTABLE_FOLDER_PATH)/KeyMetrics";
			};
			name = Release;
		};
		12D27A362D5FA0D0007FD9CE /* Debug */ = {
			isa = XCBuildConfiguration;
			buildSettings = {
				CODE_SIGN_STYLE = Automatic;
				CURRENT_PROJECT_VERSION = 1;
				DEVELOPMENT_TEAM = 72P7K7AT2W;
				GENERATE_INFOPLIST_FILE = YES;
				MARKETING_VERSION = 1.0;
				PRODUCT_BUNDLE_IDENTIFIER = com.yuyunfeng.KeyMetricsUITests;
				PRODUCT_NAME = "$(TARGET_NAME)";
				SWIFT_EMIT_LOC_STRINGS = NO;
				SWIFT_VERSION = 5.0;
				TEST_TARGET_NAME = KeyMetrics;
			};
			name = Debug;
		};
		12D27A372D5FA0D0007FD9CE /* Release */ = {
			isa = XCBuildConfiguration;
			buildSettings = {
				CODE_SIGN_STYLE = Automatic;
				CURRENT_PROJECT_VERSION = 1;
				DEVELOPMENT_TEAM = 72P7K7AT2W;
				GENERATE_INFOPLIST_FILE = YES;
				MARKETING_VERSION = 1.0;
				PRODUCT_BUNDLE_IDENTIFIER = com.yuyunfeng.KeyMetricsUITests;
				PRODUCT_NAME = "$(TARGET_NAME)";
				SWIFT_EMIT_LOC_STRINGS = NO;
				SWIFT_VERSION = 5.0;
				TEST_TARGET_NAME = KeyMetrics;
			};
			name = Release;
		};
/* End XCBuildConfiguration section */

/* Begin XCConfigurationList section */
		12D27A032D5FA0CF007FD9CE /* Build configuration list for PBXProject "KeyMetrics" */ = {
			isa = XCConfigurationList;
			buildConfigurations = (
				12D27A2D2D5FA0D0007FD9CE /* Debug */,
				12D27A2E2D5FA0D0007FD9CE /* Release */,
			);
			defaultConfigurationIsVisible = 0;
			defaultConfigurationName = Release;
		};
		12D27A2F2D5FA0D0007FD9CE /* Build configuration list for PBXNativeTarget "KeyMetrics" */ = {
			isa = XCConfigurationList;
			buildConfigurations = (
				12D27A302D5FA0D0007FD9CE /* Debug */,
				12D27A312D5FA0D0007FD9CE /* Release */,
			);
			defaultConfigurationIsVisible = 0;
			defaultConfigurationName = Release;
		};
		12D27A322D5FA0D0007FD9CE /* Build configuration list for PBXNativeTarget "KeyMetricsTests" */ = {
			isa = XCConfigurationList;
			buildConfigurations = (
				12D27A332D5FA0D0007FD9CE /* Debug */,
				12D27A342D5FA0D0007FD9CE /* Release */,
			);
			defaultConfigurationIsVisible = 0;
			defaultConfigurationName = Release;
		};
		12D27A352D5FA0D0007FD9CE /* Build configuration list for PBXNativeTarget "KeyMetricsUITests" */ = {
			isa = XCConfigurationList;
			buildConfigurations = (
				12D27A362D5FA0D0007FD9CE /* Debug */,
				12D27A372D5FA0D0007FD9CE /* Release */,
			);
			defaultConfigurationIsVisible = 0;
			defaultConfigurationName = Release;
		};
/* End XCConfigurationList section */

/* Begin XCRemoteSwiftPackageReference section */
		12D27AA02D6065A5007FD9CE /* XCRemoteSwiftPackageReference "AlertToast" */ = {
			isa = XCRemoteSwiftPackageReference;
			repositoryURL = "https://github.com/elai950/AlertToast.git";
			requirement = {
				kind = upToNextMajorVersion;
				minimumVersion = 1.3.9;
			};
		};
/* End XCRemoteSwiftPackageReference section */

/* Begin XCSwiftPackageProductDependency section */
		12D27AA22D606635007FD9CE /* AlertToast */ = {
			isa = XCSwiftPackageProductDependency;
			package = 12D27AA02D6065A5007FD9CE /* XCRemoteSwiftPackageReference "AlertToast" */;
			productName = AlertToast;
		};
/* End XCSwiftPackageProductDependency section */
	};
	rootObject = 12D27A002D5FA0CF007FD9CE /* Project object */;
}
